
Microsoft Visual Studio Solution File, Format Version 12.00
# Visual Studio 15
VisualStudioVersion = 15.0.27703.2035
MinimumVisualStudioVersion = 10.0.40219.1
Project("{FAE04EC0-301F-11D3-BF4B-00C04F79EFBC}") = "Giriş", "Giriş\Giriş.csproj", "{B3349F03-0D63-43FB-8D53-D73C4DD85AB4}"
EndProject
Global
	GlobalSection(SolutionConfigurationPlatforms) = preSolution
		Debug|Any CPU = Debug|Any CPU
		Release|Any CPU = Release|Any CPU
	EndGlobalSection
	GlobalSection(ProjectConfigurationPlatforms) = postSolution
		{B3349F03-0D63-43FB-8D53-D73C4DD85AB4}.Debug|Any CPU.ActiveCfg = Debug|Any CPU
		{B3349F03-0D63-43FB-8D53-D73C4DD85AB4}.Debug|Any CPU.Build.0 = Debug|Any CPU
		{B3349F03-0D63-43FB-8D53-D73C4DD85AB4}.Release|Any CPU.ActiveCfg = Release|Any CPU
		{B3349F03-0D63-43FB-8D53-D73C4DD85AB4}.Release|Any CPU.Build.0 = Release|Any CPU
	EndGlobalSection
	GlobalSection(SolutionProperties) = preSolution
		HideSolutionNode = FALSE
	EndGlobalSection
	GlobalSection(ExtensibilityGlobals) = postSolution
		SolutionGuid = {E6CB0D0E-3457-495A-8FA9-A7FA83DD9D88}
	EndGlobalSection
EndGlobal
